
Microsoft Visual Studio Solution File, Format Version 12.00
# Visual Studio Version 17
VisualStudioVersion = 17.8.34330.188
MinimumVisualStudioVersion = 10.0.40219.1
Project("{FAE04EC0-301F-11D3-BF4B-00C04F79EFBC}") = "DecrypterCoTL", "DecrypterCoTL\DecrypterCoTL.csproj", "{9F0F009C-2195-42C2-9D71-4BF931559B9B}"
EndProject
Global
	GlobalSection(SolutionConfigurationPlatforms) = preSolution
		Debug|Any CPU = Debug|Any CPU
		Release|Any CPU = Release|Any CPU
	EndGlobalSection
	GlobalSection(ProjectConfigurationPlatforms) = postSolution
		{9F0F009C-2195-42C2-9D71-4BF931559B9B}.Debug|Any CPU.ActiveCfg = Debug|Any CPU
		{9F0F009C-2195-42C2-9D71-4BF931559B9B}.Debug|Any CPU.Build.0 = Debug|Any CPU
		{9F0F009C-2195-42C2-9D71-4BF931559B9B}.Release|Any CPU.ActiveCfg = Release|Any CPU
		{9F0F009C-2195-42C2-9D71-4BF931559B9B}.Release|Any CPU.Build.0 = Release|Any CPU
	EndGlobalSection
	GlobalSection(SolutionProperties) = preSolution
		HideSolutionNode = FALSE
	EndGlobalSection
	GlobalSection(ExtensibilityGlobals) = postSolution
		SolutionGuid = {1F891F4B-A64D-4F19-981E-72F68A81AFEC}
	EndGlobalSection
EndGlobal
